// !$*UTF8*$!
{
	archiveVersion = 1;
	classes = {
	};
	objectVersion = 56;
	objects = {

/* Begin PBXBuildFile section */
		5CDAD500295693E700A5647B /* H4XORApp.swift in Sources */ = {isa = PBXBuildFile; fileRef = 5CDAD4FF295693E700A5647B /* H4XORApp.swift */; };
		5CDAD502295693E700A5647B /* ContentView.swift in Sources */ = {isa = PBXBuildFile; fileRef = 5CDAD501295693E700A5647B /* ContentView.swift */; };
		5CDAD504295693E900A5647B /* Assets.xcassets in Resources */ = {isa = PBXBuildFile; fileRef = 5CDAD503295693E900A5647B /* Assets.xcassets */; };
		5CDAD507295693E900A5647B /* Preview Assets.xcassets in Resources */ = {isa = PBXBuildFile; fileRef = 5CDAD506295693E900A5647B /* Preview Assets.xcassets */; };
		5CDAD510295699CC00A5647B /* NetworkManager.swift in Sources */ = {isa = PBXBuildFile; fileRef = 5CDAD50F295699CC00A5647B /* NetworkManager.swift */; };
		5CDAD51229569B0C00A5647B /* PostData.swift in Sources */ = {isa = PBXBuildFile; fileRef = 5CDAD51129569B0C00A5647B /* PostData.swift */; };
		5CDAD5172956A62B00A5647B /* DetailView.swift in Sources */ = {isa = PBXBuildFile; fileRef = 5CDAD5162956A62B00A5647B /* DetailView.swift */; };
		5CDAD5192956A8DA00A5647B /* WebView.swift in Sources */ = {isa = PBXBuildFile; fileRef = 5CDAD5182956A8DA00A5647B /* WebView.swift */; };
/* End PBXBuildFile section */

/* Begin PBXFileReference section */
		5CDAD4FC295693E700A5647B /* H4XOR.app */ = {isa = PBXFileReference; explicitFileType = wrapper.application; includeInIndex = 0; path = H4XOR.app; sourceTree = BUILT_PRODUCTS_DIR; };
		5CDAD4FF295693E700A5647B /* H4XORApp.swift */ = {isa = PBXFileReference; lastKnownFileType = sourcecode.swift; path = H4XORApp.swift; sourceTree = "<group>"; };
		5CDAD501295693E700A5647B /* ContentView.swift */ = {isa = PBXFileReference; lastKnownFileType = sourcecode.swift; path = ContentView.swift; sourceTree = "<group>"; };
		5CDAD503295693E900A5647B /* Assets.xcassets */ = {isa = PBXFileReference; lastKnownFileType = folder.assetcatalog; path = Assets.xcassets; sourceTree = "<group>"; };
		5CDAD506295693E900A5647B /* Preview Assets.xcassets */ = {isa = PBXFileReference; lastKnownFileType = folder.assetcatalog; path = "Preview Assets.xcassets"; sourceTree = "<group>"; };
		5CDAD50F295699CC00A5647B /* NetworkManager.swift */ = {isa = PBXFileReference; lastKnownFileType = sourcecode.swift; path = NetworkManager.swift; sourceTree = "<group>"; };
		5CDAD51129569B0C00A5647B /* PostData.swift */ = {isa = PBXFileReference; lastKnownFileType = sourcecode.swift; path = PostData.swift; sourceTree = "<group>"; };
		5CDAD5162956A62B00A5647B /* DetailView.swift */ = {isa = PBXFileReference; lastKnownFileType = sourcecode.swift; path = DetailView.swift; sourceTree = "<group>"; };
		5CDAD5182956A8DA00A5647B /* WebView.swift */ = {isa = PBXFileReference; lastKnownFileType = sourcecode.swift; path = WebView.swift; sourceTree = "<group>"; };
/* End PBXFileReference section */

/* Begin PBXFrameworksBuildPhase section */
		5CDAD4F9295693E700A5647B /* Frameworks */ = {
			isa = PBXFrameworksBuildPhase;
			buildActionMask = 2147483647;
			files = (
			);
			runOnlyForDeploymentPostprocessing = 0;
		};
/* End PBXFrameworksBuildPhase section */

/* Begin PBXGroup section */
		5CDAD4F3295693E700A5647B = {
			isa = PBXGroup;
			children = (
				5CDAD5132956A5BC00A5647B /* View */,
				5CDAD50E295699AD00A5647B /* Models */,
				5CDAD4FE295693E700A5647B /* H4XOR */,
				5CDAD4FD295693E700A5647B /* Products */,
			);
			sourceTree = "<group>";
		};
		5CDAD4FD295693E700A5647B /* Products */ = {
			isa = PBXGroup;
			children = (
				5CDAD4FC295693E700A5647B /* H4XOR.app */,
			);
			name = Products;
			sourceTree = "<group>";
		};
		5CDAD4FE295693E700A5647B /* H4XOR */ = {
			isa = PBXGroup;
			children = (
				5CDAD4FF295693E700A5647B /* H4XORApp.swift */,
				5CDAD503295693E900A5647B /* Assets.xcassets */,
				5CDAD505295693E900A5647B /* Preview Content */,
			);
			path = H4XOR;
			sourceTree = "<group>";
		};
		5CDAD505295693E900A5647B /* Preview Content */ = {
			isa = PBXGroup;
			children = (
				5CDAD506295693E900A5647B /* Preview Assets.xcassets */,
			);
			path = "Preview Content";
			sourceTree = "<group>";
		};
		5CDAD50E295699AD00A5647B /* Models */ = {
			isa = PBXGroup;
			children = (
				5CDAD50F295699CC00A5647B /* NetworkManager.swift */,
				5CDAD51129569B0C00A5647B /* PostData.swift */,
			);
			path = Models;
			sourceTree = "<group>";
		};
		5CDAD5132956A5BC00A5647B /* View */ = {
			isa = PBXGroup;
			children = (
				5CDAD501295693E700A5647B /* ContentView.swift */,
				5CDAD5162956A62B00A5647B /* DetailView.swift */,
				5CDAD5182956A8DA00A5647B /* WebView.swift */,
			);
			path = View;
			sourceTree = "<group>";
		};
/* End PBXGroup section */

/* Begin PBXNativeTarget section */
		5CDAD4FB295693E700A5647B /* H4XOR */ = {
			isa = PBXNativeTarget;
			buildConfigurationList = 5CDAD50A295693E900A5647B /* Build configuration list for PBXNativeTarget "H4XOR" */;
			buildPhases = (
				5CDAD4F8295693E700A5647B /* Sources */,
				5CDAD4F9295693E700A5647B /* Frameworks */,
				5CDAD4FA295693E700A5647B /* Resources */,
			);
			buildRules = (
			);
			dependencies = (
			);
			name = H4XOR;
			productName = H4XOR;
			productReference = 5CDAD4FC295693E700A5647B /* H4XOR.app */;
			productType = "com.apple.product-type.application";
		};
/* End PBXNativeTarget section */

/* Begin PBXProject section */
		5CDAD4F4295693E700A5647B /* Project object */ = {
			isa = PBXProject;
			attributes = {
				BuildIndependentTargetsInParallel = 1;
				LastSwiftUpdateCheck = 1410;
				LastUpgradeCheck = 1410;
				TargetAttributes = {
					5CDAD4FB295693E700A5647B = {
						CreatedOnToolsVersion = 14.1;
					};
				};
			};
			buildConfigurationList = 5CDAD4F7295693E700A5647B /* Build configuration list for PBXProject "H4XOR" */;
			compatibilityVersion = "Xcode 14.0";
			developmentRegion = en;
			hasScannedForEncodings = 0;
			knownRegions = (
				en,
				Base,
			);
			mainGroup = 5CDAD4F3295693E700A5647B;
			productRefGroup = 5CDAD4FD295693E700A5647B /* Products */;
			projectDirPath = "";
			projectRoot = "";
			targets = (
				5CDAD4FB295693E700A5647B /* H4XOR */,
			);
		};
/* End PBXProject section */

/* Begin PBXResourcesBuildPhase section */
		5CDAD4FA295693E700A5647B /* Resources */ = {
			isa = PBXResourcesBuildPhase;
			buildActionMask = 2147483647;
			files = (
				5CDAD507295693E900A5647B /* Preview Assets.xcassets in Resources */,
				5CDAD504295693E900A5647B /* Assets.xcassets in Resources */,
			);
			runOnlyForDeploymentPostprocessing = 0;
		};
/* End PBXResourcesBuildPhase section */

/* Begin PBXSourcesBuildPhase section */
		5CDAD4F8295693E700A5647B /* Sources */ = {
			isa = PBXSourcesBuildPhase;
			buildActionMask = 2147483647;
			files = (
				5CDAD510295699CC00A5647B /* NetworkManager.swift in Sources */,
				5CDAD51229569B0C00A5647B /* PostData.swift in Sources */,
				5CDAD502295693E700A5647B /* ContentView.swift in Sources */,
				5CDAD5192956A8DA00A5647B /* WebView.swift in Sources */,
				5CDAD5172956A62B00A5647B /* DetailView.swift in Sources */,
				5CDAD500295693E700A5647B /* H4XORApp.swift in Sources */,
			);
			runOnlyForDeploymentPostprocessing = 0;
		};
/* End PBXSourcesBuildPhase section */

/* Begin XCBuildConfiguration section */
		5CDAD508295693E900A5647B /* Debug */ = {
			isa = XCBuildConfiguration;
			buildSettings = {
				ALWAYS_SEARCH_USER_PATHS = NO;
				CLANG_ANALYZER_NONNULL = YES;
				CLANG_ANALYZER_NUMBER_OBJECT_CONVERSION = YES_AGGRESSIVE;
				CLANG_CXX_LANGUAGE_STANDARD = "gnu++20";
				CLANG_ENABLE_MODULES = YES;
				CLANG_ENABLE_OBJC_ARC = YES;
				CLANG_ENABLE_OBJC_WEAK = YES;
				CLANG_WARN_BLOCK_CAPTURE_AUTORELEASING = YES;
				CLANG_WARN_BOOL_CONVERSION = YES;
				CLANG_WARN_COMMA = YES;
				CLANG_WARN_CONSTANT_CONVERSION = YES;
				CLANG_WARN_DEPRECATED_OBJC_IMPLEMENTATIONS = YES;
				CLANG_WARN_DIRECT_OBJC_ISA_USAGE = YES_ERROR;
				CLANG_WARN_DOCUMENTATION_COMMENTS = YES;
				CLANG_WARN_EMPTY_BODY = YES;
				CLANG_WARN_ENUM_CONVERSION = YES;
				CLANG_WARN_INFINITE_RECURSION = YES;
				CLANG_WARN_INT_CONVERSION = YES;
				CLANG_WARN_NON_LITERAL_NULL_CONVERSION = YES;
				CLANG_WARN_OBJC_IMPLICIT_RETAIN_SELF = YES;
				CLANG_WARN_OBJC_LITERAL_CONVERSION = YES;
				CLANG_WARN_OBJC_ROOT_CLASS = YES_ERROR;
				CLANG_WARN_QUOTED_INCLUDE_IN_FRAMEWORK_HEADER = YES;
				CLANG_WARN_RANGE_LOOP_ANALYSIS = YES;
				CLANG_WARN_STRICT_PROTOTYPES = YES;
				CLANG_WARN_SUSPICIOUS_MOVE = YES;
				CLANG_WARN_UNGUARDED_AVAILABILITY = YES_AGGRESSIVE;
				CLANG_WARN_UNREACHABLE_CODE = YES;
				CLANG_WARN__DUPLICATE_METHOD_MATCH = YES;
				COPY_PHASE_STRIP = NO;
				DEBUG_INFORMATION_FORMAT = dwarf;
				ENABLE_STRICT_OBJC_MSGSEND = YES;
				ENABLE_TESTABILITY = YES;
				GCC_C_LANGUAGE_STANDARD = gnu11;
				GCC_DYNAMIC_NO_PIC = NO;
				GCC_NO_COMMON_BLOCKS = YES;
				GCC_OPTIMIZATION_LEVEL = 0;
				GCC_PREPROCESSOR_DEFINITIONS = (
					"DEBUG=1",
					"$(inherited)",
				);
				GCC_WARN_64_TO_32_BIT_CONVERSION = YES;
				GCC_WARN_ABOUT_RETURN_TYPE = YES_ERROR;
				GCC_WARN_UNDECLARED_SELECTOR = YES;
				GCC_WARN_UNINITIALIZED_AUTOS = YES_AGGRESSIVE;
				GCC_WARN_UNUSED_FUNCTION = YES;
				GCC_WARN_UNUSED_VARIABLE = YES;
				IPHONEOS_DEPLOYMENT_TARGET = 16.1;
				MTL_ENABLE_DEBUG_INFO = INCLUDE_SOURCE;
				MTL_FAST_MATH = YES;
				ONLY_ACTIVE_ARCH = YES;
				SDKROOT = iphoneos;
				SWIFT_ACTIVE_COMPILATION_CONDITIONS = DEBUG;
				SWIFT_OPTIMIZATION_LEVEL = "-Onone";
			};
			name = Debug;
		};
		5CDAD509295693E900A5647B /* Release */ = {
			isa = XCBuildConfiguration;
			buildSettings = {
				ALWAYS_SEARCH_USER_PATHS = NO;
				CLANG_ANALYZER_NONNULL = YES;
				CLANG_ANALYZER_NUMBER_OBJECT_CONVERSION = YES_AGGRESSIVE;
				CLANG_CXX_LANGUAGE_STANDARD = "gnu++20";
				CLANG_ENABLE_MODULES = YES;
				CLANG_ENABLE_OBJC_ARC = YES;
				CLANG_ENABLE_OBJC_WEAK = YES;
				CLANG_WARN_BLOCK_CAPTURE_AUTORELEASING = YES;
				CLANG_WARN_BOOL_CONVERSION = YES;
				CLANG_WARN_COMMA = YES;
				CLANG_WARN_CONSTANT_CONVERSION = YES;
				CLANG_WARN_DEPRECATED_OBJC_IMPLEMENTATIONS = YES;
				CLANG_WARN_DIRECT_OBJC_ISA_USAGE = YES_ERROR;
				CLANG_WARN_DOCUMENTATION_COMMENTS = YES;
				CLANG_WARN_EMPTY_BODY = YES;
				CLANG_WARN_ENUM_CONVERSION = YES;
				CLANG_WARN_INFINITE_RECURSION = YES;
				CLANG_WARN_INT_CONVERSION = YES;
				CLANG_WARN_NON_LITERAL_NULL_CONVERSION = YES;
				CLANG_WARN_OBJC_IMPLICIT_RETAIN_SELF = YES;
				CLANG_WARN_OBJC_LITERAL_CONVERSION = YES;
				CLANG_WARN_OBJC_ROOT_CLASS = YES_ERROR;
				CLANG_WARN_QUOTED_INCLUDE_IN_FRAMEWORK_HEADER = YES;
				CLANG_WARN_RANGE_LOOP_ANALYSIS = YES;
				CLANG_WARN_STRICT_PROTOTYPES = YES;
				CLANG_WARN_SUSPICIOUS_MOVE = YES;
				CLANG_WARN_UNGUARDED_AVAILABILITY = YES_AGGRESSIVE;
				CLANG_WARN_UNREACHABLE_CODE = YES;
				CLANG_WARN__DUPLICATE_METHOD_MATCH = YES;
				COPY_PHASE_STRIP = NO;
				DEBUG_INFORMATION_FORMAT = "dwarf-with-dsym";
				ENABLE_NS_ASSERTIONS = NO;
				ENABLE_STRICT_OBJC_MSGSEND = YES;
				GCC_C_LANGUAGE_STANDARD = gnu11;
				GCC_NO_COMMON_BLOCKS = YES;
				GCC_WARN_64_TO_32_BIT_CONVERSION = YES;
				GCC_WARN_ABOUT_RETURN_TYPE = YES_ERROR;
				GCC_WARN_UNDECLARED_SELECTOR = YES;
				GCC_WARN_UNINITIALIZED_AUTOS = YES_AGGRESSIVE;
				GCC_WARN_UNUSED_FUNCTION = YES;
				GCC_WARN_UNUSED_VARIABLE = YES;
				IPHONEOS_DEPLOYMENT_TARGET = 16.1;
				MTL_ENABLE_DEBUG_INFO = NO;
				MTL_FAST_MATH = YES;
				SDKROOT = iphoneos;
				SWIFT_COMPILATION_MODE = wholemodule;
				SWIFT_OPTIMIZATION_LEVEL = "-O";
				VALIDATE_PRODUCT = YES;
			};
			name = Release;
		};
		5CDAD50B295693E900A5647B /* Debug */ = {
			isa = XCBuildConfiguration;
			buildSettings = {
				ASSETCATALOG_COMPILER_APPICON_NAME = AppIcon;
				ASSETCATALOG_COMPILER_GLOBAL_ACCENT_COLOR_NAME = AccentColor;
				CODE_SIGN_STYLE = Automatic;
				CURRENT_PROJECT_VERSION = 1;
				DEVELOPMENT_ASSET_PATHS = "\"H4XOR/Preview Content\"";
				ENABLE_PREVIEWS = YES;
				GENERATE_INFOPLIST_FILE = YES;
				INFOPLIST_KEY_UIApplicationSceneManifest_Generation = YES;
				INFOPLIST_KEY_UIApplicationSupportsIndirectInputEvents = YES;
				INFOPLIST_KEY_UILaunchScreen_Generation = YES;
				INFOPLIST_KEY_UISupportedInterfaceOrientations_iPad = "UIInterfaceOrientationPortrait UIInterfaceOrientationPortraitUpsideDown UIInterfaceOrientationLandscapeLeft UIInterfaceOrientationLandscapeRight";
				INFOPLIST_KEY_UISupportedInterfaceOrientations_iPhone = "UIInterfaceOrientationPortrait UIInterfaceOrientationLandscapeLeft UIInterfaceOrientationLandscapeRight";
				LD_RUNPATH_SEARCH_PATHS = (
					"$(inherited)",
					"@executable_path/Frameworks",
				);
				MARKETING_VERSION = 1.0;
				PRODUCT_BUNDLE_IDENTIFIER = com.bozhong.H4XOR;
				PRODUCT_NAME = "$(TARGET_NAME)";
				SWIFT_EMIT_LOC_STRINGS = YES;
				SWIFT_VERSION = 5.0;
				TARGETED_DEVICE_FAMILY = "1,2";
			};
			name = Debug;
		};
		5CDAD50C295693E900A5647B /* Release */ = {
			isa = XCBuildConfiguration;
			buildSettings = {
				ASSETCATALOG_COMPILER_APPICON_NAME = AppIcon;
				ASSETCATALOG_COMPILER_GLOBAL_ACCENT_COLOR_NAME = AccentColor;
				CODE_SIGN_STYLE = Automatic;
				CURRENT_PROJECT_VERSION = 1;
				DEVELOPMENT_ASSET_PATHS = "\"H4XOR/Preview Content\"";
				ENABLE_PREVIEWS = YES;
				GENERATE_INFOPLIST_FILE = YES;
				INFOPLIST_KEY_UIApplicationSceneManifest_Generation = YES;
				INFOPLIST_KEY_UIApplicationSupportsIndirectInputEvents = YES;
				INFOPLIST_KEY_UILaunchScreen_Generation = YES;
				INFOPLIST_KEY_UISupportedInterfaceOrientations_iPad = "UIInterfaceOrientationPortrait UIInterfaceOrientationPortraitUpsideDown UIInterfaceOrientationLandscapeLeft UIInterfaceOrientationLandscapeRight";
				INFOPLIST_KEY_UISupportedInterfaceOrientations_iPhone = "UIInterfaceOrientationPortrait UIInterfaceOrientationLandscapeLeft UIInterfaceOrientationLandscapeRight";
				LD_RUNPATH_SEARCH_PATHS = (
					"$(inherited)",
					"@executable_path/Frameworks",
				);
				MARKETING_VERSION = 1.0;
				PRODUCT_BUNDLE_IDENTIFIER = com.bozhong.H4XOR;
				PRODUCT_NAME = "$(TARGET_NAME)";
				SWIFT_EMIT_LOC_STRINGS = YES;
				SWIFT_VERSION = 5.0;
				TARGETED_DEVICE_FAMILY = "1,2";
			};
			name = Release;
		};
/* End XCBuildConfiguration section */

/* Begin XCConfigurationList section */
		5CDAD4F7295693E700A5647B /* Build configuration list for PBXProject "H4XOR" */ = {
			isa = XCConfigurationList;
			buildConfigurations = (
				5CDAD508295693E900A5647B /* Debug */,
				5CDAD509295693E900A5647B /* Release */,
			);
			defaultConfigurationIsVisible = 0;
			defaultConfigurationName = Release;
		};
		5CDAD50A295693E900A5647B /* Build configuration list for PBXNativeTarget "H4XOR" */ = {
			isa = XCConfigurationList;
			buildConfigurations = (
				5CDAD50B295693E900A5647B /* Debug */,
				5CDAD50C295693E900A5647B /* Release */,
			);
			defaultConfigurationIsVisible = 0;
			defaultConfigurationName = Release;
		};
/* End XCConfigurationList section */
	};
	rootObject = 5CDAD4F4295693E700A5647B /* Project object */;
}
